Microsoft Visual Studio Solution File, Format Version 12.00
# Visual Studio Version 17
VisualStudioVersion = 17.5.2.0
MinimumVisualStudioVersion = 10.0.40219.1
Project("{FAE04EC0-301F-11D3-BF4B-00C04F79EFBC}") = "SistemaEscolar", "SistemaEscolar.csproj", "{090BA6E6-BAA5-FF96-64BB-582811E1299A}"
EndProject
Global
	GlobalSection(SolutionConfigurationPlatforms) = preSolution
		Debug|Any CPU = Debug|Any CPU
		Release|Any CPU = Release|Any CPU
	EndGlobalSection
	GlobalSection(ProjectConfigurationPlatforms) = postSolution
		{090BA6E6-BAA5-FF96-64BB-582811E1299A}.Debug|Any CPU.ActiveCfg = Debug|Any CPU
		{090BA6E6-BAA5-FF96-64BB-582811E1299A}.Debug|Any CPU.Build.0 = Debug|Any CPU
		{090BA6E6-BAA5-FF96-64BB-582811E1299A}.Release|Any CPU.ActiveCfg = Release|Any CPU
		{090BA6E6-BAA5-FF96-64BB-582811E1299A}.Release|Any CPU.Build.0 = Release|Any CPU
	EndGlobalSection
	GlobalSection(SolutionProperties) = preSolution
		HideSolutionNode = FALSE
	EndGlobalSection
	GlobalSection(ExtensibilityGlobals) = postSolution
		SolutionGuid = {7E052033-2605-464C-B6C8-F43B4D6D0BA0}
	EndGlobalSection
EndGlobal
